// !$*UTF8*$!
{
	archiveVersion = 1;
	classes = {
	};
	objectVersion = 56;
	objects = {

/* Begin PBXBuildFile section */
		B0370AEC2C7C9D0500DF0635 /* MoviesViewModel.swift in Sources */ = {isa = PBXBuildFile; fileRef = B0370AEB2C7C9D0500DF0635 /* MoviesViewModel.swift */; };
		B04B5A042CB3E48C009AB0A4 /* MoviesCellViewModel.swift in Sources */ = {isa = PBXBuildFile; fileRef = B04B5A032CB3E48C009AB0A4 /* MoviesCellViewModel.swift */; };
		B05B6CF62BE9243F00309D50 /* MovieViewCell.swift in Sources */ = {isa = PBXBuildFile; fileRef = B05B6CF52BE9243F00309D50 /* MovieViewCell.swift */; };
		B062667B2C22F33600BF90CC /* ImagesEntity.swift in Sources */ = {isa = PBXBuildFile; fileRef = B062667A2C22F33600BF90CC /* ImagesEntity.swift */; };
		B075E6132C07809B002FFC15 /* ExternalIdsEntity.swift in Sources */ = {isa = PBXBuildFile; fileRef = B075E6122C07809B002FFC15 /* ExternalIdsEntity.swift */; };
		B075E6152C088777002FFC15 /* UserDefaults.swift in Sources */ = {isa = PBXBuildFile; fileRef = B075E6142C088777002FFC15 /* UserDefaults.swift */; };
		B075E6182C08B432002FFC15 /* WatchListViewController.swift in Sources */ = {isa = PBXBuildFile; fileRef = B075E6172C08B432002FFC15 /* WatchListViewController.swift */; };
		B075E61A2C09167C002FFC15 /* FavouriteMovieEntity.swift in Sources */ = {isa = PBXBuildFile; fileRef = B075E6192C09167C002FFC15 /* FavouriteMovieEntity.swift */; };
		B075E61D2C0B6AF4002FFC15 /* SearchViewController.swift in Sources */ = {isa = PBXBuildFile; fileRef = B075E61C2C0B6AF4002FFC15 /* SearchViewController.swift */; };
		B08F13F32C04D56A0050467A /* FavouritesViewController.swift in Sources */ = {isa = PBXBuildFile; fileRef = B08F13F22C04D56A0050467A /* FavouritesViewController.swift */; };
		B08F13F62C05DF160050467A /* MoviesCoreData.xcdatamodeld in Sources */ = {isa = PBXBuildFile; fileRef = B08F13F42C05DF160050467A /* MoviesCoreData.xcdatamodeld */; };
		B08F13F92C05E11F0050467A /* Movies+CoreData.swift in Sources */ = {isa = PBXBuildFile; fileRef = B08F13F82C05E11F0050467A /* Movies+CoreData.swift */; };
		B09A84C52C0F6F23001B4AD4 /* ActorDetailsViewController.swift in Sources */ = {isa = PBXBuildFile; fileRef = B09A84C42C0F6F23001B4AD4 /* ActorDetailsViewController.swift */; };
		B09A84C72C0F71BC001B4AD4 /* ActorEntity.swift in Sources */ = {isa = PBXBuildFile; fileRef = B09A84C62C0F71BC001B4AD4 /* ActorEntity.swift */; };
		B0B239932C207C84009194AD /* Lottie in Frameworks */ = {isa = PBXBuildFile; productRef = B0B239922C207C84009194AD /* Lottie */; };
		B0B239972C208BC0009194AD /* NotFound.json in Resources */ = {isa = PBXBuildFile; fileRef = B0B239962C208BC0009194AD /* NotFound.json */; };
		B0CB516E2BFBA21A00B40A47 /* SnapKit in Frameworks */ = {isa = PBXBuildFile; productRef = B0CB516D2BFBA21A00B40A47 /* SnapKit */; };
		B0CB51702BFBA21A00B40A47 /* SnapKit-Dynamic in Frameworks */ = {isa = PBXBuildFile; productRef = B0CB516F2BFBA21A00B40A47 /* SnapKit-Dynamic */; };
		B0CB51722BFBCE4C00B40A47 /* CastCollectionViewCell.swift in Sources */ = {isa = PBXBuildFile; fileRef = B0CB51712BFBCE4C00B40A47 /* CastCollectionViewCell.swift */; };
		B0CB51742BFC747400B40A47 /* CastEntity.swift in Sources */ = {isa = PBXBuildFile; fileRef = B0CB51732BFC747400B40A47 /* CastEntity.swift */; };
		B0CB51782BFE49F400B40A47 /* NetworkManager.swift in Sources */ = {isa = PBXBuildFile; fileRef = B0CB51772BFE49F400B40A47 /* NetworkManager.swift */; };
		B0CCC53E2C064BE400291E99 /* ImageCache.swift in Sources */ = {isa = PBXBuildFile; fileRef = B0CCC53D2C064BE400291E99 /* ImageCache.swift */; };
		B0CCC5402C06503400291E99 /* MovieBarController.swift in Sources */ = {isa = PBXBuildFile; fileRef = B0CCC53F2C06503400291E99 /* MovieBarController.swift */; };
		B0CD67162BEFC41D0041B703 /* MovieEntity.swift in Sources */ = {isa = PBXBuildFile; fileRef = B0CD67152BEFC41D0041B703 /* MovieEntity.swift */; };
		B0D71DE22BDD532E009ACCD1 /* AppDelegate.swift in Sources */ = {isa = PBXBuildFile; fileRef = B0D71DE12BDD532E009ACCD1 /* AppDelegate.swift */; };
		B0D71DE42BDD532E009ACCD1 /* SceneDelegate.swift in Sources */ = {isa = PBXBuildFile; fileRef = B0D71DE32BDD532E009ACCD1 /* SceneDelegate.swift */; };
		B0D71DE62BDD532E009ACCD1 /* MoviesViewController.swift in Sources */ = {isa = PBXBuildFile; fileRef = B0D71DE52BDD532E009ACCD1 /* MoviesViewController.swift */; };
		B0D71DEB2BDD5330009ACCD1 /* Assets.xcassets in Resources */ = {isa = PBXBuildFile; fileRef = B0D71DEA2BDD5330009ACCD1 /* Assets.xcassets */; };
		B0D71DEE2BDD5330009ACCD1 /* LaunchScreen.storyboard in Resources */ = {isa = PBXBuildFile; fileRef = B0D71DEC2BDD5330009ACCD1 /* LaunchScreen.storyboard */; };
		B0EBDB742C10B4E3007B3E8E /* PhotoView.swift in Sources */ = {isa = PBXBuildFile; fileRef = B0EBDB732C10B4E3007B3E8E /* PhotoView.swift */; };
		B0FCE46A2BF27B4300A4BBB5 /* ThemeCollectionViewCell.swift in Sources */ = {isa = PBXBuildFile; fileRef = B0FCE4692BF27B4300A4BBB5 /* ThemeCollectionViewCell.swift */; };
		B0FCE4702BF5030200A4BBB5 /* MovieDetailsViewController.swift in Sources */ = {isa = PBXBuildFile; fileRef = B0FCE46F2BF5030200A4BBB5 /* MovieDetailsViewController.swift */; };
		B0FCE4722BF50B2700A4BBB5 /* MovieDetailEntity.swift in Sources */ = {isa = PBXBuildFile; fileRef = B0FCE4712BF50B2700A4BBB5 /* MovieDetailEntity.swift */; };
/* End PBXBuildFile section */

/* Begin PBXFileReference section */
		B0370AEB2C7C9D0500DF0635 /* MoviesViewModel.swift */ = {isa = PBXFileReference; lastKnownFileType = sourcecode.swift; path = MoviesViewModel.swift; sourceTree = "<group>"; };
		B04B5A032CB3E48C009AB0A4 /* MoviesCellViewModel.swift */ = {isa = PBXFileReference; lastKnownFileType = sourcecode.swift; path = MoviesCellViewModel.swift; sourceTree = "<group>"; };
		B05B6CF52BE9243F00309D50 /* MovieViewCell.swift */ = {isa = PBXFileReference; lastKnownFileType = sourcecode.swift; path = MovieViewCell.swift; sourceTree = "<group>"; };
		B062667A2C22F33600BF90CC /* ImagesEntity.swift */ = {isa = PBXFileReference; lastKnownFileType = sourcecode.swift; path = ImagesEntity.swift; sourceTree = "<group>"; };
		B075E6122C07809B002FFC15 /* ExternalIdsEntity.swift */ = {isa = PBXFileReference; lastKnownFileType = sourcecode.swift; path = ExternalIdsEntity.swift; sourceTree = "<group>"; };
		B075E6142C088777002FFC15 /* UserDefaults.swift */ = {isa = PBXFileReference; lastKnownFileType = sourcecode.swift; path = UserDefaults.swift; sourceTree = "<group>"; };
		B075E6172C08B432002FFC15 /* WatchListViewController.swift */ = {isa = PBXFileReference; lastKnownFileType = sourcecode.swift; path = WatchListViewController.swift; sourceTree = "<group>"; };
		B075E6192C09167C002FFC15 /* FavouriteMovieEntity.swift */ = {isa = PBXFileReference; lastKnownFileType = sourcecode.swift; path = FavouriteMovieEntity.swift; sourceTree = "<group>"; };
		B075E61C2C0B6AF4002FFC15 /* SearchViewController.swift */ = {isa = PBXFileReference; lastKnownFileType = sourcecode.swift; path = SearchViewController.swift; sourceTree = "<group>"; };
		B08F13F22C04D56A0050467A /* FavouritesViewController.swift */ = {isa = PBXFileReference; lastKnownFileType = sourcecode.swift; path = FavouritesViewController.swift; sourceTree = "<group>"; };
		B08F13F52C05DF160050467A /* MoviesCoreData.xcdatamodel */ = {isa = PBXFileReference; lastKnownFileType = wrapper.xcdatamodel; path = MoviesCoreData.xcdatamodel; sourceTree = "<group>"; };
		B08F13F82C05E11F0050467A /* Movies+CoreData.swift */ = {isa = PBXFileReference; lastKnownFileType = sourcecode.swift; path = "Movies+CoreData.swift"; sourceTree = "<group>"; };
		B09A84C42C0F6F23001B4AD4 /* ActorDetailsViewController.swift */ = {isa = PBXFileReference; lastKnownFileType = sourcecode.swift; path = ActorDetailsViewController.swift; sourceTree = "<group>"; };
		B09A84C62C0F71BC001B4AD4 /* ActorEntity.swift */ = {isa = PBXFileReference; lastKnownFileType = sourcecode.swift; path = ActorEntity.swift; sourceTree = "<group>"; };
		B0B239962C208BC0009194AD /* NotFound.json */ = {isa = PBXFileReference; fileEncoding = 4; lastKnownFileType = text.json; name = NotFound.json; path = ../../../../Downloads/NotFound.json; sourceTree = "<group>"; };
		B0CB51712BFBCE4C00B40A47 /* CastCollectionViewCell.swift */ = {isa = PBXFileReference; lastKnownFileType = sourcecode.swift; path = CastCollectionViewCell.swift; sourceTree = "<group>"; };
		B0CB51732BFC747400B40A47 /* CastEntity.swift */ = {isa = PBXFileReference; lastKnownFileType = sourcecode.swift; path = CastEntity.swift; sourceTree = "<group>"; };
		B0CB51772BFE49F400B40A47 /* NetworkManager.swift */ = {isa = PBXFileReference; lastKnownFileType = sourcecode.swift; path = NetworkManager.swift; sourceTree = "<group>"; };
		B0CCC53D2C064BE400291E99 /* ImageCache.swift */ = {isa = PBXFileReference; lastKnownFileType = sourcecode.swift; path = ImageCache.swift; sourceTree = "<group>"; };
		B0CCC53F2C06503400291E99 /* MovieBarController.swift */ = {isa = PBXFileReference; lastKnownFileType = sourcecode.swift; path = MovieBarController.swift; sourceTree = "<group>"; };
		B0CD67152BEFC41D0041B703 /* MovieEntity.swift */ = {isa = PBXFileReference; lastKnownFileType = sourcecode.swift; path = MovieEntity.swift; sourceTree = "<group>"; };
		B0D71DDE2BDD532E009ACCD1 /* appNoStoryboard.app */ = {isa = PBXFileReference; explicitFileType = wrapper.application; includeInIndex = 0; path = appNoStoryboard.app; sourceTree = BUILT_PRODUCTS_DIR; };
		B0D71DE12BDD532E009ACCD1 /* AppDelegate.swift */ = {isa = PBXFileReference; lastKnownFileType = sourcecode.swift; path = AppDelegate.swift; sourceTree = "<group>"; };
		B0D71DE32BDD532E009ACCD1 /* SceneDelegate.swift */ = {isa = PBXFileReference; lastKnownFileType = sourcecode.swift; path = SceneDelegate.swift; sourceTree = "<group>"; };
		B0D71DE52BDD532E009ACCD1 /* MoviesViewController.swift */ = {isa = PBXFileReference; lastKnownFileType = sourcecode.swift; path = MoviesViewController.swift; sourceTree = "<group>"; };
		B0D71DEA2BDD5330009ACCD1 /* Assets.xcassets */ = {isa = PBXFileReference; lastKnownFileType = folder.assetcatalog; path = Assets.xcassets; sourceTree = "<group>"; };
		B0D71DED2BDD5330009ACCD1 /* Base */ = {isa = PBXFileReference; lastKnownFileType = file.storyboard; name = Base; path = Base.lproj/LaunchScreen.storyboard; sourceTree = "<group>"; };
		B0D71DEF2BDD5330009ACCD1 /* Info.plist */ = {isa = PBXFileReference; lastKnownFileType = text.plist.xml; path = Info.plist; sourceTree = "<group>"; };
		B0EBDB732C10B4E3007B3E8E /* PhotoView.swift */ = {isa = PBXFileReference; lastKnownFileType = sourcecode.swift; path = PhotoView.swift; sourceTree = "<group>"; };
		B0FCE4692BF27B4300A4BBB5 /* ThemeCollectionViewCell.swift */ = {isa = PBXFileReference; lastKnownFileType = sourcecode.swift; path = ThemeCollectionViewCell.swift; sourceTree = "<group>"; };
		B0FCE46F2BF5030200A4BBB5 /* MovieDetailsViewController.swift */ = {isa = PBXFileReference; lastKnownFileType = sourcecode.swift; path = MovieDetailsViewController.swift; sourceTree = "<group>"; };
		B0FCE4712BF50B2700A4BBB5 /* MovieDetailEntity.swift */ = {isa = PBXFileReference; lastKnownFileType = sourcecode.swift; path = MovieDetailEntity.swift; sourceTree = "<group>"; };
/* End PBXFileReference section */

/* Begin PBXFrameworksBuildPhase section */
		B0D71DDB2BDD532E009ACCD1 /* Frameworks */ = {
			isa = PBXFrameworksBuildPhase;
			buildActionMask = 2147483647;
			files = (
				B0CB516E2BFBA21A00B40A47 /* SnapKit in Frameworks */,
				B0CB51702BFBA21A00B40A47 /* SnapKit-Dynamic in Frameworks */,
				B0B239932C207C84009194AD /* Lottie in Frameworks */,
			);
			runOnlyForDeploymentPostprocessing = 0;
		};
/* End PBXFrameworksBuildPhase section */

/* Begin PBXGroup section */
		B075E6162C08B408002FFC15 /* WatchList */ = {
			isa = PBXGroup;
			children = (
				B075E6172C08B432002FFC15 /* WatchListViewController.swift */,
			);
			path = WatchList;
			sourceTree = "<group>";
		};
		B075E61B2C0B6ACF002FFC15 /* Search */ = {
			isa = PBXGroup;
			children = (
				B075E61C2C0B6AF4002FFC15 /* SearchViewController.swift */,
				B0B239962C208BC0009194AD /* NotFound.json */,
			);
			path = Search;
			sourceTree = "<group>";
		};
		B08F13F12C04D54F0050467A /* Favourites */ = {
			isa = PBXGroup;
			children = (
				B08F13F22C04D56A0050467A /* FavouritesViewController.swift */,
				B075E6192C09167C002FFC15 /* FavouriteMovieEntity.swift */,
			);
			path = Favourites;
			sourceTree = "<group>";
		};
		B08F13F72C05E03D0050467A /* Util */ = {
			isa = PBXGroup;
			children = (
				B0D71DEA2BDD5330009ACCD1 /* Assets.xcassets */,
				B0D71DEC2BDD5330009ACCD1 /* LaunchScreen.storyboard */,
				B0D71DEF2BDD5330009ACCD1 /* Info.plist */,
			);
			path = Util;
			sourceTree = "<group>";
		};
		B09A84C32C0F6F07001B4AD4 /* ActorDetails */ = {
			isa = PBXGroup;
			children = (
				B09A84C42C0F6F23001B4AD4 /* ActorDetailsViewController.swift */,
				B09A84C62C0F71BC001B4AD4 /* ActorEntity.swift */,
				B0EBDB732C10B4E3007B3E8E /* PhotoView.swift */,
				B062667A2C22F33600BF90CC /* ImagesEntity.swift */,
			);
			path = ActorDetails;
			sourceTree = "<group>";
		};
		B0D71DD52BDD532E009ACCD1 = {
			isa = PBXGroup;
			children = (
				B0D71DE02BDD532E009ACCD1 /* appNoStoryboard */,
				B0D71DDF2BDD532E009ACCD1 /* Products */,
			);
			sourceTree = "<group>";
		};
		B0D71DDF2BDD532E009ACCD1 /* Products */ = {
			isa = PBXGroup;
			children = (
				B0D71DDE2BDD532E009ACCD1 /* appNoStoryboard.app */,
			);
			name = Products;
			sourceTree = "<group>";
		};
		B0D71DE02BDD532E009ACCD1 /* appNoStoryboard */ = {
			isa = PBXGroup;
			children = (
				B0D71DE12BDD532E009ACCD1 /* AppDelegate.swift */,
				B0D71DE32BDD532E009ACCD1 /* SceneDelegate.swift */,
				B0CCC53F2C06503400291E99 /* MovieBarController.swift */,
				B08F13F72C05E03D0050467A /* Util */,
				B0FCE4742BF50C9900A4BBB5 /* Movies */,
				B0FCE4732BF50C8400A4BBB5 /* MovieDetails */,
				B09A84C32C0F6F07001B4AD4 /* ActorDetails */,
				B08F13F12C04D54F0050467A /* Favourites */,
				B075E6162C08B408002FFC15 /* WatchList */,
				B075E61B2C0B6ACF002FFC15 /* Search */,
				B0CB51772BFE49F400B40A47 /* NetworkManager.swift */,
				B08F13F42C05DF160050467A /* MoviesCoreData.xcdatamodeld */,
				B08F13F82C05E11F0050467A /* Movies+CoreData.swift */,
				B0CCC53D2C064BE400291E99 /* ImageCache.swift */,
				B075E6142C088777002FFC15 /* UserDefaults.swift */,
			);
			path = appNoStoryboard;
			sourceTree = "<group>";
		};
		B0FCE4732BF50C8400A4BBB5 /* MovieDetails */ = {
			isa = PBXGroup;
			children = (
				B0FCE46F2BF5030200A4BBB5 /* MovieDetailsViewController.swift */,
				B0FCE4712BF50B2700A4BBB5 /* MovieDetailEntity.swift */,
				B0CB51712BFBCE4C00B40A47 /* CastCollectionViewCell.swift */,
				B0CB51732BFC747400B40A47 /* CastEntity.swift */,
				B075E6122C07809B002FFC15 /* ExternalIdsEntity.swift */,
			);
			path = MovieDetails;
			sourceTree = "<group>";
		};
		B0FCE4742BF50C9900A4BBB5 /* Movies */ = {
			isa = PBXGroup;
			children = (
				B0D71DE52BDD532E009ACCD1 /* MoviesViewController.swift */,
				B05B6CF52BE9243F00309D50 /* MovieViewCell.swift */,
				B0CD67152BEFC41D0041B703 /* MovieEntity.swift */,
				B0FCE4692BF27B4300A4BBB5 /* ThemeCollectionViewCell.swift */,
				B0370AEB2C7C9D0500DF0635 /* MoviesViewModel.swift */,
				B04B5A032CB3E48C009AB0A4 /* MoviesCellViewModel.swift */,
			);
			path = Movies;
			sourceTree = "<group>";
		};
/* End PBXGroup section */

/* Begin PBXNativeTarget section */
		B0D71DDD2BDD532E009ACCD1 /* appNoStoryboard */ = {
			isa = PBXNativeTarget;
			buildConfigurationList = B0D71DF22BDD5330009ACCD1 /* Build configuration list for PBXNativeTarget "appNoStoryboard" */;
			buildPhases = (
				B0D71DDA2BDD532E009ACCD1 /* Sources */,
				B0D71DDB2BDD532E009ACCD1 /* Frameworks */,
				B0D71DDC2BDD532E009ACCD1 /* Resources */,
			);
			buildRules = (
			);
			dependencies = (
			);
			name = appNoStoryboard;
			packageProductDependencies = (
				B0CB516D2BFBA21A00B40A47 /* SnapKit */,
				B0CB516F2BFBA21A00B40A47 /* SnapKit-Dynamic */,
				B0B239922C207C84009194AD /* Lottie */,
			);
			productName = appNoStoryboard;
			productReference = B0D71DDE2BDD532E009ACCD1 /* appNoStoryboard.app */;
			productType = "com.apple.product-type.application";
		};
/* End PBXNativeTarget section */

/* Begin PBXProject section */
		B0D71DD62BDD532E009ACCD1 /* Project object */ = {
			isa = PBXProject;
			attributes = {
				BuildIndependentTargetsInParallel = 1;
				LastSwiftUpdateCheck = 1520;
				LastUpgradeCheck = 1520;
				TargetAttributes = {
					B0D71DDD2BDD532E009ACCD1 = {
						CreatedOnToolsVersion = 15.2;
					};
				};
			};
			buildConfigurationList = B0D71DD92BDD532E009ACCD1 /* Build configuration list for PBXProject "appNoStoryboard" */;
			compatibilityVersion = "Xcode 14.0";
			developmentRegion = en;
			hasScannedForEncodings = 0;
			knownRegions = (
				en,
				Base,
			);
			mainGroup = B0D71DD52BDD532E009ACCD1;
			packageReferences = (
				B0CB516C2BFBA21A00B40A47 /* XCRemoteSwiftPackageReference "SnapKit" */,
				B0B239912C207C84009194AD /* XCRemoteSwiftPackageReference "lottie-ios" */,
			);
			productRefGroup = B0D71DDF2BDD532E009ACCD1 /* Products */;
			projectDirPath = "";
			projectRoot = "";
			targets = (
				B0D71DDD2BDD532E009ACCD1 /* appNoStoryboard */,
			);
		};
/* End PBXProject section */

/* Begin PBXResourcesBuildPhase section */
		B0D71DDC2BDD532E009ACCD1 /* Resources */ = {
			isa = PBXResourcesBuildPhase;
			buildActionMask = 2147483647;
			files = (
				B0B239972C208BC0009194AD /* NotFound.json in Resources */,
				B0D71DEE2BDD5330009ACCD1 /* LaunchScreen.storyboard in Resources */,
				B0D71DEB2BDD5330009ACCD1 /* Assets.xcassets in Resources */,
			);
			runOnlyForDeploymentPostprocessing = 0;
		};
/* End PBXResourcesBuildPhase section */

/* Begin PBXSourcesBuildPhase section */
		B0D71DDA2BDD532E009ACCD1 /* Sources */ = {
			isa = PBXSourcesBuildPhase;
			buildActionMask = 2147483647;
			files = (
				B0CB51782BFE49F400B40A47 /* NetworkManager.swift in Sources */,
				B0FCE4702BF5030200A4BBB5 /* MovieDetailsViewController.swift in Sources */,
				B075E6132C07809B002FFC15 /* ExternalIdsEntity.swift in Sources */,
				B0CCC53E2C064BE400291E99 /* ImageCache.swift in Sources */,
				B0D71DE62BDD532E009ACCD1 /* MoviesViewController.swift in Sources */,
				B08F13F32C04D56A0050467A /* FavouritesViewController.swift in Sources */,
				B0CCC5402C06503400291E99 /* MovieBarController.swift in Sources */,
				B04B5A042CB3E48C009AB0A4 /* MoviesCellViewModel.swift in Sources */,
				B0370AEC2C7C9D0500DF0635 /* MoviesViewModel.swift in Sources */,
				B08F13F62C05DF160050467A /* MoviesCoreData.xcdatamodeld in Sources */,
				B05B6CF62BE9243F00309D50 /* MovieViewCell.swift in Sources */,
				B0CB51742BFC747400B40A47 /* CastEntity.swift in Sources */,
				B062667B2C22F33600BF90CC /* ImagesEntity.swift in Sources */,
				B0FCE46A2BF27B4300A4BBB5 /* ThemeCollectionViewCell.swift in Sources */,
				B08F13F92C05E11F0050467A /* Movies+CoreData.swift in Sources */,
				B075E6152C088777002FFC15 /* UserDefaults.swift in Sources */,
				B09A84C52C0F6F23001B4AD4 /* ActorDetailsViewController.swift in Sources */,
				B0FCE4722BF50B2700A4BBB5 /* MovieDetailEntity.swift in Sources */,
				B0EBDB742C10B4E3007B3E8E /* PhotoView.swift in Sources */,
				B0CD67162BEFC41D0041B703 /* MovieEntity.swift in Sources */,
				B075E61D2C0B6AF4002FFC15 /* SearchViewController.swift in Sources */,
				B0CB51722BFBCE4C00B40A47 /* CastCollectionViewCell.swift in Sources */,
				B0D71DE22BDD532E009ACCD1 /* AppDelegate.swift in Sources */,
				B075E6182C08B432002FFC15 /* WatchListViewController.swift in Sources */,
				B0D71DE42BDD532E009ACCD1 /* SceneDelegate.swift in Sources */,
				B075E61A2C09167C002FFC15 /* FavouriteMovieEntity.swift in Sources */,
				B09A84C72C0F71BC001B4AD4 /* ActorEntity.swift in Sources */,
			);
			runOnlyForDeploymentPostprocessing = 0;
		};
/* End PBXSourcesBuildPhase section */

/* Begin PBXVariantGroup section */
		B0D71DEC2BDD5330009ACCD1 /* LaunchScreen.storyboard */ = {
			isa = PBXVariantGroup;
			children = (
				B0D71DED2BDD5330009ACCD1 /* Base */,
			);
			name = LaunchScreen.storyboard;
			sourceTree = "<group>";
		};
/* End PBXVariantGroup section */

/* Begin XCBuildConfiguration section */
		B0D71DF02BDD5330009ACCD1 /* Debug */ = {
			isa = XCBuildConfiguration;
			buildSettings = {
				ALWAYS_SEARCH_USER_PATHS = NO;
				ASSETCATALOG_COMPILER_GENERATE_SWIFT_ASSET_SYMBOL_EXTENSIONS = YES;
				CLANG_ANALYZER_NONNULL = YES;
				CLANG_ANALYZER_NUMBER_OBJECT_CONVERSION = YES_AGGRESSIVE;
				CLANG_CXX_LANGUAGE_STANDARD = "gnu++20";
				CLANG_ENABLE_MODULES = YES;
				CLANG_ENABLE_OBJC_ARC = YES;
				CLANG_ENABLE_OBJC_WEAK = YES;
				CLANG_WARN_BLOCK_CAPTURE_AUTORELEASING = YES;
				CLANG_WARN_BOOL_CONVERSION = YES;
				CLANG_WARN_COMMA = YES;
				CLANG_WARN_CONSTANT_CONVERSION = YES;
				CLANG_WARN_DEPRECATED_OBJC_IMPLEMENTATIONS = YES;
				CLANG_WARN_DIRECT_OBJC_ISA_USAGE = YES_ERROR;
				CLANG_WARN_DOCUMENTATION_COMMENTS = YES;
				CLANG_WARN_EMPTY_BODY = YES;
				CLANG_WARN_ENUM_CONVERSION = YES;
				CLANG_WARN_INFINITE_RECURSION = YES;
				CLANG_WARN_INT_CONVERSION = YES;
				CLANG_WARN_NON_LITERAL_NULL_CONVERSION = YES;
				CLANG_WARN_OBJC_IMPLICIT_RETAIN_SELF = YES;
				CLANG_WARN_OBJC_LITERAL_CONVERSION = YES;
				CLANG_WARN_OBJC_ROOT_CLASS = YES_ERROR;
				CLANG_WARN_QUOTED_INCLUDE_IN_FRAMEWORK_HEADER = YES;
				CLANG_WARN_RANGE_LOOP_ANALYSIS = YES;
				CLANG_WARN_STRICT_PROTOTYPES = YES;
				CLANG_WARN_SUSPICIOUS_MOVE = YES;
				CLANG_WARN_UNGUARDED_AVAILABILITY = YES_AGGRESSIVE;
				CLANG_WARN_UNREACHABLE_CODE = YES;
				CLANG_WARN__DUPLICATE_METHOD_MATCH = YES;
				COPY_PHASE_STRIP = NO;
				DEBUG_INFORMATION_FORMAT = dwarf;
				ENABLE_STRICT_OBJC_MSGSEND = YES;
				ENABLE_TESTABILITY = YES;
				ENABLE_USER_SCRIPT_SANDBOXING = YES;
				GCC_C_LANGUAGE_STANDARD = gnu17;
				GCC_DYNAMIC_NO_PIC = NO;
				GCC_NO_COMMON_BLOCKS = YES;
				GCC_OPTIMIZATION_LEVEL = 0;
				GCC_PREPROCESSOR_DEFINITIONS = (
					"DEBUG=1",
					"$(inherited)",
				);
				GCC_WARN_64_TO_32_BIT_CONVERSION = YES;
				GCC_WARN_ABOUT_RETURN_TYPE = YES_ERROR;
				GCC_WARN_UNDECLARED_SELECTOR = YES;
				GCC_WARN_UNINITIALIZED_AUTOS = YES_AGGRESSIVE;
				GCC_WARN_UNUSED_FUNCTION = YES;
				GCC_WARN_UNUSED_VARIABLE = YES;
				IPHONEOS_DEPLOYMENT_TARGET = 17.2;
				LOCALIZATION_PREFERS_STRING_CATALOGS = YES;
				MTL_ENABLE_DEBUG_INFO = INCLUDE_SOURCE;
				MTL_FAST_MATH = YES;
				ONLY_ACTIVE_ARCH = YES;
				SDKROOT = iphoneos;
				SWIFT_ACTIVE_COMPILATION_CONDITIONS = "DEBUG $(inherited)";
				SWIFT_OPTIMIZATION_LEVEL = "-Onone";
			};
			name = Debug;
		};
		B0D71DF12BDD5330009ACCD1 /* Release */ = {
			isa = XCBuildConfiguration;
			buildSettings = {
				ALWAYS_SEARCH_USER_PATHS = NO;
				ASSETCATALOG_COMPILER_GENERATE_SWIFT_ASSET_SYMBOL_EXTENSIONS = YES;
				CLANG_ANALYZER_NONNULL = YES;
				CLANG_ANALYZER_NUMBER_OBJECT_CONVERSION = YES_AGGRESSIVE;
				CLANG_CXX_LANGUAGE_STANDARD = "gnu++20";
				CLANG_ENABLE_MODULES = YES;
				CLANG_ENABLE_OBJC_ARC = YES;
				CLANG_ENABLE_OBJC_WEAK = YES;
				CLANG_WARN_BLOCK_CAPTURE_AUTORELEASING = YES;
				CLANG_WARN_BOOL_CONVERSION = YES;
				CLANG_WARN_COMMA = YES;
				CLANG_WARN_CONSTANT_CONVERSION = YES;
				CLANG_WARN_DEPRECATED_OBJC_IMPLEMENTATIONS = YES;
				CLANG_WARN_DIRECT_OBJC_ISA_USAGE = YES_ERROR;
				CLANG_WARN_DOCUMENTATION_COMMENTS = YES;
				CLANG_WARN_EMPTY_BODY = YES;
				CLANG_WARN_ENUM_CONVERSION = YES;
				CLANG_WARN_INFINITE_RECURSION = YES;
				CLANG_WARN_INT_CONVERSION = YES;
				CLANG_WARN_NON_LITERAL_NULL_CONVERSION = YES;
				CLANG_WARN_OBJC_IMPLICIT_RETAIN_SELF = YES;
				CLANG_WARN_OBJC_LITERAL_CONVERSION = YES;
				CLANG_WARN_OBJC_ROOT_CLASS = YES_ERROR;
				CLANG_WARN_QUOTED_INCLUDE_IN_FRAMEWORK_HEADER = YES;
				CLANG_WARN_RANGE_LOOP_ANALYSIS = YES;
				CLANG_WARN_STRICT_PROTOTYPES = YES;
				CLANG_WARN_SUSPICIOUS_MOVE = YES;
				CLANG_WARN_UNGUARDED_AVAILABILITY = YES_AGGRESSIVE;
				CLANG_WARN_UNREACHABLE_CODE = YES;
				CLANG_WARN__DUPLICATE_METHOD_MATCH = YES;
				COPY_PHASE_STRIP = NO;
				DEBUG_INFORMATION_FORMAT = "dwarf-with-dsym";
				ENABLE_NS_ASSERTIONS = NO;
				ENABLE_STRICT_OBJC_MSGSEND = YES;
				ENABLE_USER_SCRIPT_SANDBOXING = YES;
				GCC_C_LANGUAGE_STANDARD = gnu17;
				GCC_NO_COMMON_BLOCKS = YES;
				GCC_WARN_64_TO_32_BIT_CONVERSION = YES;
				GCC_WARN_ABOUT_RETURN_TYPE = YES_ERROR;
				GCC_WARN_UNDECLARED_SELECTOR = YES;
				GCC_WARN_UNINITIALIZED_AUTOS = YES_AGGRESSIVE;
				GCC_WARN_UNUSED_FUNCTION = YES;
				GCC_WARN_UNUSED_VARIABLE = YES;
				IPHONEOS_DEPLOYMENT_TARGET = 17.2;
				LOCALIZATION_PREFERS_STRING_CATALOGS = YES;
				MTL_ENABLE_DEBUG_INFO = NO;
				MTL_FAST_MATH = YES;
				SDKROOT = iphoneos;
				SWIFT_COMPILATION_MODE = wholemodule;
				VALIDATE_PRODUCT = YES;
			};
			name = Release;
		};
		B0D71DF32BDD5330009ACCD1 /* Debug */ = {
			isa = XCBuildConfiguration;
			buildSettings = {
				ASSETCATALOG_COMPILER_APPICON_NAME = AppIcon;
				ASSETCATALOG_COMPILER_GLOBAL_ACCENT_COLOR_NAME = AccentColor;
				CODE_SIGN_STYLE = Automatic;
				CURRENT_PROJECT_VERSION = 1;
				DEVELOPMENT_TEAM = 6HVH2XY748;
				GENERATE_INFOPLIST_FILE = YES;
				INFOPLIST_FILE = appNoStoryboard/Util/Info.plist;
				INFOPLIST_KEY_UIApplicationSupportsIndirectInputEvents = YES;
				INFOPLIST_KEY_UILaunchStoryboardName = LaunchScreen;
				INFOPLIST_KEY_UISupportedInterfaceOrientations_iPad = "UIInterfaceOrientationPortrait UIInterfaceOrientationPortraitUpsideDown UIInterfaceOrientationLandscapeLeft UIInterfaceOrientationLandscapeRight";
				INFOPLIST_KEY_UISupportedInterfaceOrientations_iPhone = "UIInterfaceOrientationPortrait UIInterfaceOrientationLandscapeLeft UIInterfaceOrientationLandscapeRight";
				LD_RUNPATH_SEARCH_PATHS = (
					"$(inherited)",
					"@executable_path/Frameworks",
				);
				MARKETING_VERSION = 1.0;
				PRODUCT_BUNDLE_IDENTIFIER = Kabulov.appNoStoryboard;
				PRODUCT_NAME = "$(TARGET_NAME)";
				SWIFT_EMIT_LOC_STRINGS = YES;
				SWIFT_VERSION = 5.0;
				TARGETED_DEVICE_FAMILY = "1,2";
			};
			name = Debug;
		};
		B0D71DF42BDD5330009ACCD1 /* Release */ = {
			isa = XCBuildConfiguration;
			buildSettings = {
				ASSETCATALOG_COMPILER_APPICON_NAME = AppIcon;
				ASSETCATALOG_COMPILER_GLOBAL_ACCENT_COLOR_NAME = AccentColor;
				CODE_SIGN_STYLE = Automatic;
				CURRENT_PROJECT_VERSION = 1;
				DEVELOPMENT_TEAM = 6HVH2XY748;
				GENERATE_INFOPLIST_FILE = YES;
				INFOPLIST_FILE = appNoStoryboard/Util/Info.plist;
				INFOPLIST_KEY_UIApplicationSupportsIndirectInputEvents = YES;
				INFOPLIST_KEY_UILaunchStoryboardName = LaunchScreen;
				INFOPLIST_KEY_UISupportedInterfaceOrientations_iPad = "UIInterfaceOrientationPortrait UIInterfaceOrientationPortraitUpsideDown UIInterfaceOrientationLandscapeLeft UIInterfaceOrientationLandscapeRight";
				INFOPLIST_KEY_UISupportedInterfaceOrientations_iPhone = "UIInterfaceOrientationPortrait UIInterfaceOrientationLandscapeLeft UIInterfaceOrientationLandscapeRight";
				LD_RUNPATH_SEARCH_PATHS = (
					"$(inherited)",
					"@executable_path/Frameworks",
				);
				MARKETING_VERSION = 1.0;
				PRODUCT_BUNDLE_IDENTIFIER = Kabulov.appNoStoryboard;
				PRODUCT_NAME = "$(TARGET_NAME)";
				SWIFT_EMIT_LOC_STRINGS = YES;
				SWIFT_VERSION = 5.0;
				TARGETED_DEVICE_FAMILY = "1,2";
			};
			name = Release;
		};
/* End XCBuildConfiguration section */

/* Begin XCConfigurationList section */
		B0D71DD92BDD532E009ACCD1 /* Build configuration list for PBXProject "appNoStoryboard" */ = {
			isa = XCConfigurationList;
			buildConfigurations = (
				B0D71DF02BDD5330009ACCD1 /* Debug */,
				B0D71DF12BDD5330009ACCD1 /* Release */,
			);
			defaultConfigurationIsVisible = 0;
			defaultConfigurationName = Release;
		};
		B0D71DF22BDD5330009ACCD1 /* Build configuration list for PBXNativeTarget "appNoStoryboard" */ = {
			isa = XCConfigurationList;
			buildConfigurations = (
				B0D71DF32BDD5330009ACCD1 /* Debug */,
				B0D71DF42BDD5330009ACCD1 /* Release */,
			);
			defaultConfigurationIsVisible = 0;
			defaultConfigurationName = Release;
		};
/* End XCConfigurationList section */

/* Begin XCRemoteSwiftPackageReference section */
		B0B239912C207C84009194AD /* XCRemoteSwiftPackageReference "lottie-ios" */ = {
			isa = XCRemoteSwiftPackageReference;
			repositoryURL = "https://github.com/airbnb/lottie-ios.git";
			requirement = {
				kind = upToNextMajorVersion;
				minimumVersion = 4.4.3;
			};
		};
		B0CB516C2BFBA21A00B40A47 /* XCRemoteSwiftPackageReference "SnapKit" */ = {
			isa = XCRemoteSwiftPackageReference;
			repositoryURL = "https://github.com/SnapKit/SnapKit.git";
			requirement = {
				kind = upToNextMajorVersion;
				minimumVersion = 5.7.1;
			};
		};
/* End XCRemoteSwiftPackageReference section */

/* Begin XCSwiftPackageProductDependency section */
		B0B239922C207C84009194AD /* Lottie */ = {
			isa = XCSwiftPackageProductDependency;
			package = B0B239912C207C84009194AD /* XCRemoteSwiftPackageReference "lottie-ios" */;
			productName = Lottie;
		};
		B0CB516D2BFBA21A00B40A47 /* SnapKit */ = {
			isa = XCSwiftPackageProductDependency;
			package = B0CB516C2BFBA21A00B40A47 /* XCRemoteSwiftPackageReference "SnapKit" */;
			productName = SnapKit;
		};
		B0CB516F2BFBA21A00B40A47 /* SnapKit-Dynamic */ = {
			isa = XCSwiftPackageProductDependency;
			package = B0CB516C2BFBA21A00B40A47 /* XCRemoteSwiftPackageReference "SnapKit" */;
			productName = "SnapKit-Dynamic";
		};
/* End XCSwiftPackageProductDependency section */

/* Begin XCVersionGroup section */
		B08F13F42C05DF160050467A /* MoviesCoreData.xcdatamodeld */ = {
			isa = XCVersionGroup;
			children = (
				B08F13F52C05DF160050467A /* MoviesCoreData.xcdatamodel */,
			);
			currentVersion = B08F13F52C05DF160050467A /* MoviesCoreData.xcdatamodel */;
			path = MoviesCoreData.xcdatamodeld;
			sourceTree = "<group>";
			versionGroupType = wrapper.xcdatamodel;
		};
/* End XCVersionGroup section */
	};
	rootObject = B0D71DD62BDD532E009ACCD1 /* Project object */;
}
